
Microsoft Visual Studio Solution File, Format Version 12.00
# Visual Studio Version 17
VisualStudioVersion = 17.10.35027.167
MinimumVisualStudioVersion = 10.0.40219.1
Project("{FAE04EC0-301F-11D3-BF4B-00C04F79EFBC}") = "DZ2807", "DZ2807\DZ2807.csproj", "{4048B7C1-5AD7-4D4C-8A2C-F178C640A430}"
EndProject
Global
	GlobalSection(SolutionConfigurationPlatforms) = preSolution
		Debug|Any CPU = Debug|Any CPU
		Release|Any CPU = Release|Any CPU
	EndGlobalSection
	GlobalSection(ProjectConfigurationPlatforms) = postSolution
		{4048B7C1-5AD7-4D4C-8A2C-F178C640A430}.Debug|Any CPU.ActiveCfg = Debug|Any CPU
		{4048B7C1-5AD7-4D4C-8A2C-F178C640A430}.Debug|Any CPU.Build.0 = Debug|Any CPU
		{4048B7C1-5AD7-4D4C-8A2C-F178C640A430}.Release|Any CPU.ActiveCfg = Release|Any CPU
		{4048B7C1-5AD7-4D4C-8A2C-F178C640A430}.Release|Any CPU.Build.0 = Release|Any CPU
	EndGlobalSection
	GlobalSection(SolutionProperties) = preSolution
		HideSolutionNode = FALSE
	EndGlobalSection
	GlobalSection(ExtensibilityGlobals) = postSolution
		SolutionGuid = {5597B584-92C0-46BF-85FD-F6BBEDCEB981}
	EndGlobalSection
EndGlobal
